{
    "name": "modeling-with-physics",
    "version": "0.0.1",
    "lockfileVersion": 3,
    "requires": true,
    "packages": {
        "": {
            "name": "modeling-with-physics",
            "version": "0.0.1",
            "license": "Commons Attribution-NonCommercial-ShareAlike 4.0 International",
            "dependencies": {
                "mystmd": "~1.2.0"
            }
        },
        "node_modules/mystmd": {
            "version": "1.2.9",
            "resolved": "https://registry.npmjs.org/mystmd/-/mystmd-1.2.9.tgz",
            "integrity": "sha512-lpGxzE3vK2n/qnPh9HwiLeCbqR3z5PzezX1Ewv6GXppvKOr/CBlLhtdMR55kOwc8fol1Idzw5KoLVBkgqUMLYw==",
            "license": "MIT",
            "bin": {
                "myst": "dist/myst.cjs"
            }
        }
    }
}
